schema: '2.0'
stages:
  data_split:
    cmd: python src/data_split.py data/telecom_churn.csv
    deps:
    - path: src/data_split.py
      md5: 79ef2468c27571601c2e4ed557ab0a53
      size: 1228
    params:
      params.yaml:
        base.random_state: 47
        data_source.local_path: data/telecom_churn.csv
        split.split_ratio: 0.2
    outs:
    - path: data/split
      md5: d95f200a6359b0cd81c0d591734939a7.dir
      size: 134685
      nfiles: 2
  data_processing:
    cmd: python src/data_processing.py data/processed
    deps:
    - path: data/split
      md5: d95f200a6359b0cd81c0d591734939a7.dir
      size: 134685
      nfiles: 2
    - path: src/data_processing.py
      md5: f9328a5ce9fd23dd845fcd06de47cfea
      size: 1416
    params:
      params.yaml:
        process.dir: data/processed
        process.test_file: final_test.csv
        process.train_file: final_train.csv
        split.dir: data/split
        split.test_file: test.csv
        split.train_file: train.csv
    outs:
    - path: data/processed
      md5: 878d1c18179af2f5d8e8082d444a80b2.dir
      size: 134685
      nfiles: 2
  train:
    cmd: python src/train.py data/features model/model.pkl
    deps:
    - path: data/processed
      md5: 878d1c18179af2f5d8e8082d444a80b2.dir
      size: 134685
      nfiles: 2
    - path: src/train.py
      md5: 4d59858d9b2d40c0f73cf1eb068f64d7
      size: 2400
    params:
      params.yaml:
        base.random_state: 47
        base.target_col: Churn
        model_dir: model
        process.dir: data/processed
        process.test_file: final_test.csv
        process.train_file: final_train.csv
        train.n_est: 100
    outs:
    - path: model/model.pkl
      md5: 6a72c06b090147423942fdf56feddb7b
      size: 2742972
  evaluate:
    cmd: python src/evaluate.py model/model.pkl data/processed
    deps:
    - path: data/processed
      md5: 878d1c18179af2f5d8e8082d444a80b2.dir
      size: 134685
      nfiles: 2
    - path: model/model.pkl
      md5: 6a72c06b090147423942fdf56feddb7b
      size: 2742972
    - path: src/evaluate.py
      md5: 70d4fabd25006c687edc61186bbcf8c2
      size: 7470
    outs:
    - path: eval/importance.png
      md5: abb42e76ce50ee207f4f42dee05fa17a
      size: 25136
    - path: eval/live/metrics.json
      md5: 145294d40d370d7e072723624abb0a7d
      size: 489
    - path: eval/live/plots
      md5: effc888593d4ca590f1992d77aab8457.dir
      size: 220821
      nfiles: 4
    - path: eval/prc
      md5: 03b13e48ea36f85293908c0552c8e232.dir
      size: 21666
      nfiles: 2
